
Microsoft Visual Studio Solution File, Format Version 11.00
# Visual Studio 2010
Project("{FAE04EC0-301F-11D3-BF4B-00C04F79EFBC}") = "BolaoFutebolClube.Domain", "BolaoFutebolClube.Domain\BolaoFutebolClube.Domain.csproj", "{AB8154FC-7835-4150-BE32-B46250CA0CD5}"
EndProject
Project("{FAE04EC0-301F-11D3-BF4B-00C04F79EFBC}") = "BolaoFutebolClube.Tests", "BolaoFutebolClube.Tests\BolaoFutebolClube.Tests.csproj", "{87C4433A-63EB-4BAD-9432-EC732E53DD56}"
EndProject
Project("{2150E333-8FDC-42A3-9474-1A3956D46DE8}") = "00 - Solution Items", "00 - Solution Items", "{12CBF4D3-6E1D-4030-99B0-27A8AE61C48C}"
EndProject
Project("{FAE04EC0-301F-11D3-BF4B-00C04F79EFBC}") = "BolaoFutebolClube.Web", "BolaoFutebolClube.Web\BolaoFutebolClube.Web.csproj", "{4AA39625-1529-435D-879F-BCC1A296CA1D}"
EndProject
Project("{FAE04EC0-301F-11D3-BF4B-00C04F79EFBC}") = "BolaoFutebolClube.Services", "BolaoFutebolClube.Services\BolaoFutebolClube.Services.csproj", "{B6C909B7-4842-45BB-A0D8-1D66A2F7B33B}"
EndProject
Project("{C8D11400-126E-41CD-887F-60BD40844F9E}") = "BolaoFutebolClube.Database", "BolaoFutebolClube.Database\BolaoFutebolClube.Database.dbproj", "{67CBC824-A49E-4E9B-A947-360F3DFE65C3}"
EndProject
Project("{2150E333-8FDC-42A3-9474-1A3956D46DE8}") = "06 - Tests", "06 - Tests", "{7ADB8984-9B0F-4E20-A950-8BC0C485EC3E}"
EndProject
Project("{2150E333-8FDC-42A3-9474-1A3956D46DE8}") = "02 - Infrastructure", "02 - Infrastructure", "{32FF1F69-F28B-4E8A-9273-489D09AC2DFF}"
EndProject
Project("{2150E333-8FDC-42A3-9474-1A3956D46DE8}") = "01 - Database", "01 - Database", "{40CD7EA6-28DC-44A0-83D3-C3D9D81E74A9}"
EndProject
Project("{2150E333-8FDC-42A3-9474-1A3956D46DE8}") = "03 - Domain", "03 - Domain", "{37BAAE0F-550B-42DC-9256-1705593956DE}"
EndProject
Project("{2150E333-8FDC-42A3-9474-1A3956D46DE8}") = "05 - Presentation", "05 - Presentation", "{25CA382F-25DE-4D56-90D5-531A00736903}"
EndProject
Project("{2150E333-8FDC-42A3-9474-1A3956D46DE8}") = "04 - Services", "04 - Services", "{C3E77FEE-C53F-43CC-896E-3B2A759D6679}"
EndProject
Project("{2150E333-8FDC-42A3-9474-1A3956D46DE8}") = "Web", "Web", "{ADBD6DB4-3409-4D41-B197-AE7DDC55DFDD}"
EndProject
Project("{2150E333-8FDC-42A3-9474-1A3956D46DE8}") = "Console", "Console", "{A132C397-47FC-4877-968D-7431291FC4B4}"
EndProject
Project("{FAE04EC0-301F-11D3-BF4B-00C04F79EFBC}") = "BolaoFutebolClube.ConsoleApplication", "BolaoFutebolClube.ConsoleApplication\BolaoFutebolClube.ConsoleApplication.csproj", "{1BBFD4FF-4D44-416C-8D22-FC1A0EB34464}"
EndProject
Project("{FAE04EC0-301F-11D3-BF4B-00C04F79EFBC}") = "BolaoFutebolClube.Infrastructure.Data.EF4", "BolaoFutebolClube.Infrastructure.Data.EF4\BolaoFutebolClube.Infrastructure.Data.EF4.csproj", "{CCA6F613-F8CD-4786-ABE1-B29CA21833EB}"
EndProject
Project("{FAE04EC0-301F-11D3-BF4B-00C04F79EFBC}") = "BolaoFutebolClube.Infrastructure.Data", "BolaoFutebolClube.Infrastructure.Data\BolaoFutebolClube.Infrastructure.Data.csproj", "{11D6AA12-959C-4E42-BB6E-A03FE8D61398}"
EndProject
Project("{FAE04EC0-301F-11D3-BF4B-00C04F79EFBC}") = "BolaoFutebolClube.Infrastructure.Data.NHibernate", "BolaoFutebolClube.Infrastructure.Data.NHibernate\BolaoFutebolClube.Infrastructure.Data.NHibernate.csproj", "{8165D0D5-8BB7-4556-84FB-444DD49F2F53}"
EndProject
Project("{FAE04EC0-301F-11D3-BF4B-00C04F79EFBC}") = "BolaoFutebolClube.Infrastructure.Data.RavenDB", "BolaoFutebolClube.Infrastructure.Data.RavenDB\BolaoFutebolClube.Infrastructure.Data.RavenDB.csproj", "{2697F3F4-5B3F-4AB2-9044-E8F48F80353C}"
EndProject
Project("{FAE04EC0-301F-11D3-BF4B-00C04F79EFBC}") = "BolaoFutebolClube.Infrastructure.Data.MongoDB", "BolaoFutebolClube.Infrastructure.Data.MongoDB\BolaoFutebolClube.Infrastructure.Data.MongoDB.csproj", "{E8167019-FDBF-4125-9A5B-165855C2C8AF}"
EndProject
Global
	GlobalSection(TestCaseManagementSettings) = postSolution
		CategoryFile = BolaoFutebolClube.Domain\BolaoFutebolClube.Domain.vsmdi
	EndGlobalSection
	GlobalSection(SolutionConfigurationPlatforms) = preSolution
		Debug|Any CPU = Debug|Any CPU
		Debug|Mixed Platforms = Debug|Mixed Platforms
		Debug|x86 = Debug|x86
		Release|Any CPU = Release|Any CPU
		Release|Mixed Platforms = Release|Mixed Platforms
		Release|x86 = Release|x86
	EndGlobalSection
	GlobalSection(ProjectConfigurationPlatforms) = postSolution
		{AB8154FC-7835-4150-BE32-B46250CA0CD5}.Debug|Any CPU.ActiveCfg = Debug|Any CPU
		{AB8154FC-7835-4150-BE32-B46250CA0CD5}.Debug|Any CPU.Build.0 = Debug|Any CPU
		{AB8154FC-7835-4150-BE32-B46250CA0CD5}.Debug|Mixed Platforms.ActiveCfg = Debug|Any CPU
		{AB8154FC-7835-4150-BE32-B46250CA0CD5}.Debug|x86.ActiveCfg = Debug|Any CPU
		{AB8154FC-7835-4150-BE32-B46250CA0CD5}.Release|Any CPU.ActiveCfg = Release|Any CPU
		{AB8154FC-7835-4150-BE32-B46250CA0CD5}.Release|Any CPU.Build.0 = Release|Any CPU
		{AB8154FC-7835-4150-BE32-B46250CA0CD5}.Release|Mixed Platforms.ActiveCfg = Release|Any CPU
		{AB8154FC-7835-4150-BE32-B46250CA0CD5}.Release|Mixed Platforms.Build.0 = Release|Any CPU
		{AB8154FC-7835-4150-BE32-B46250CA0CD5}.Release|x86.ActiveCfg = Release|Any CPU
		{87C4433A-63EB-4BAD-9432-EC732E53DD56}.Debug|Any CPU.ActiveCfg = Debug|Any CPU
		{87C4433A-63EB-4BAD-9432-EC732E53DD56}.Debug|Any CPU.Build.0 = Debug|Any CPU
		{87C4433A-63EB-4BAD-9432-EC732E53DD56}.Debug|Mixed Platforms.ActiveCfg = Debug|Any CPU
		{87C4433A-63EB-4BAD-9432-EC732E53DD56}.Debug|x86.ActiveCfg = Debug|Any CPU
		{87C4433A-63EB-4BAD-9432-EC732E53DD56}.Release|Any CPU.ActiveCfg = Release|Any CPU
		{87C4433A-63EB-4BAD-9432-EC732E53DD56}.Release|Any CPU.Build.0 = Release|Any CPU
		{87C4433A-63EB-4BAD-9432-EC732E53DD56}.Release|Mixed Platforms.ActiveCfg = Release|Any CPU
		{87C4433A-63EB-4BAD-9432-EC732E53DD56}.Release|Mixed Platforms.Build.0 = Release|Any CPU
		{87C4433A-63EB-4BAD-9432-EC732E53DD56}.Release|x86.ActiveCfg = Release|Any CPU
		{4AA39625-1529-435D-879F-BCC1A296CA1D}.Debug|Any CPU.ActiveCfg = Debug|Any CPU
		{4AA39625-1529-435D-879F-BCC1A296CA1D}.Debug|Any CPU.Build.0 = Debug|Any CPU
		{4AA39625-1529-435D-879F-BCC1A296CA1D}.Debug|Mixed Platforms.ActiveCfg = Debug|Any CPU
		{4AA39625-1529-435D-879F-BCC1A296CA1D}.Debug|x86.ActiveCfg = Debug|Any CPU
		{4AA39625-1529-435D-879F-BCC1A296CA1D}.Release|Any CPU.ActiveCfg = Release|Any CPU
		{4AA39625-1529-435D-879F-BCC1A296CA1D}.Release|Any CPU.Build.0 = Release|Any CPU
		{4AA39625-1529-435D-879F-BCC1A296CA1D}.Release|Mixed Platforms.ActiveCfg = Release|Any CPU
		{4AA39625-1529-435D-879F-BCC1A296CA1D}.Release|Mixed Platforms.Build.0 = Release|Any CPU
		{4AA39625-1529-435D-879F-BCC1A296CA1D}.Release|x86.ActiveCfg = Release|Any CPU
		{B6C909B7-4842-45BB-A0D8-1D66A2F7B33B}.Debug|Any CPU.ActiveCfg = Debug|Any CPU
		{B6C909B7-4842-45BB-A0D8-1D66A2F7B33B}.Debug|Any CPU.Build.0 = Debug|Any CPU
		{B6C909B7-4842-45BB-A0D8-1D66A2F7B33B}.Debug|Mixed Platforms.ActiveCfg = Debug|Any CPU
		{B6C909B7-4842-45BB-A0D8-1D66A2F7B33B}.Debug|x86.ActiveCfg = Debug|Any CPU
		{B6C909B7-4842-45BB-A0D8-1D66A2F7B33B}.Release|Any CPU.ActiveCfg = Release|Any CPU
		{B6C909B7-4842-45BB-A0D8-1D66A2F7B33B}.Release|Any CPU.Build.0 = Release|Any CPU
		{B6C909B7-4842-45BB-A0D8-1D66A2F7B33B}.Release|Mixed Platforms.ActiveCfg = Release|Any CPU
		{B6C909B7-4842-45BB-A0D8-1D66A2F7B33B}.Release|Mixed Platforms.Build.0 = Release|Any CPU
		{B6C909B7-4842-45BB-A0D8-1D66A2F7B33B}.Release|x86.ActiveCfg = Release|Any CPU
		{67CBC824-A49E-4E9B-A947-360F3DFE65C3}.Debug|Any CPU.ActiveCfg = Debug|Any CPU
		{67CBC824-A49E-4E9B-A947-360F3DFE65C3}.Debug|Any CPU.Build.0 = Debug|Any CPU
		{67CBC824-A49E-4E9B-A947-360F3DFE65C3}.Debug|Any CPU.Deploy.0 = Debug|Any CPU
		{67CBC824-A49E-4E9B-A947-360F3DFE65C3}.Debug|Mixed Platforms.ActiveCfg = Debug|Any CPU
		{67CBC824-A49E-4E9B-A947-360F3DFE65C3}.Debug|x86.ActiveCfg = Debug|Any CPU
		{67CBC824-A49E-4E9B-A947-360F3DFE65C3}.Release|Any CPU.ActiveCfg = Release|Any CPU
		{67CBC824-A49E-4E9B-A947-360F3DFE65C3}.Release|Any CPU.Build.0 = Release|Any CPU
		{67CBC824-A49E-4E9B-A947-360F3DFE65C3}.Release|Any CPU.Deploy.0 = Release|Any CPU
		{67CBC824-A49E-4E9B-A947-360F3DFE65C3}.Release|Mixed Platforms.ActiveCfg = Release|Any CPU
		{67CBC824-A49E-4E9B-A947-360F3DFE65C3}.Release|Mixed Platforms.Build.0 = Release|Any CPU
		{67CBC824-A49E-4E9B-A947-360F3DFE65C3}.Release|Mixed Platforms.Deploy.0 = Release|Any CPU
		{67CBC824-A49E-4E9B-A947-360F3DFE65C3}.Release|x86.ActiveCfg = Release|Any CPU
		{1BBFD4FF-4D44-416C-8D22-FC1A0EB34464}.Debug|Any CPU.ActiveCfg = Debug|x86
		{1BBFD4FF-4D44-416C-8D22-FC1A0EB34464}.Debug|Mixed Platforms.ActiveCfg = Debug|x86
		{1BBFD4FF-4D44-416C-8D22-FC1A0EB34464}.Debug|x86.ActiveCfg = Debug|x86
		{1BBFD4FF-4D44-416C-8D22-FC1A0EB34464}.Debug|x86.Build.0 = Debug|x86
		{1BBFD4FF-4D44-416C-8D22-FC1A0EB34464}.Release|Any CPU.ActiveCfg = Release|x86
		{1BBFD4FF-4D44-416C-8D22-FC1A0EB34464}.Release|Mixed Platforms.ActiveCfg = Release|x86
		{1BBFD4FF-4D44-416C-8D22-FC1A0EB34464}.Release|Mixed Platforms.Build.0 = Release|x86
		{1BBFD4FF-4D44-416C-8D22-FC1A0EB34464}.Release|x86.ActiveCfg = Release|x86
		{1BBFD4FF-4D44-416C-8D22-FC1A0EB34464}.Release|x86.Build.0 = Release|x86
		{CCA6F613-F8CD-4786-ABE1-B29CA21833EB}.Debug|Any CPU.ActiveCfg = Debug|Any CPU
		{CCA6F613-F8CD-4786-ABE1-B29CA21833EB}.Debug|Any CPU.Build.0 = Debug|Any CPU
		{CCA6F613-F8CD-4786-ABE1-B29CA21833EB}.Debug|Mixed Platforms.ActiveCfg = Debug|Any CPU
		{CCA6F613-F8CD-4786-ABE1-B29CA21833EB}.Debug|x86.ActiveCfg = Debug|Any CPU
		{CCA6F613-F8CD-4786-ABE1-B29CA21833EB}.Release|Any CPU.ActiveCfg = Release|Any CPU
		{CCA6F613-F8CD-4786-ABE1-B29CA21833EB}.Release|Any CPU.Build.0 = Release|Any CPU
		{CCA6F613-F8CD-4786-ABE1-B29CA21833EB}.Release|Mixed Platforms.ActiveCfg = Release|Any CPU
		{CCA6F613-F8CD-4786-ABE1-B29CA21833EB}.Release|Mixed Platforms.Build.0 = Release|Any CPU
		{CCA6F613-F8CD-4786-ABE1-B29CA21833EB}.Release|x86.ActiveCfg = Release|Any CPU
		{11D6AA12-959C-4E42-BB6E-A03FE8D61398}.Debug|Any CPU.ActiveCfg = Debug|Any CPU
		{11D6AA12-959C-4E42-BB6E-A03FE8D61398}.Debug|Any CPU.Build.0 = Debug|Any CPU
		{11D6AA12-959C-4E42-BB6E-A03FE8D61398}.Debug|Mixed Platforms.ActiveCfg = Debug|Any CPU
		{11D6AA12-959C-4E42-BB6E-A03FE8D61398}.Debug|x86.ActiveCfg = Debug|Any CPU
		{11D6AA12-959C-4E42-BB6E-A03FE8D61398}.Release|Any CPU.ActiveCfg = Release|Any CPU
		{11D6AA12-959C-4E42-BB6E-A03FE8D61398}.Release|Any CPU.Build.0 = Release|Any CPU
		{11D6AA12-959C-4E42-BB6E-A03FE8D61398}.Release|Mixed Platforms.ActiveCfg = Release|Any CPU
		{11D6AA12-959C-4E42-BB6E-A03FE8D61398}.Release|Mixed Platforms.Build.0 = Release|Any CPU
		{11D6AA12-959C-4E42-BB6E-A03FE8D61398}.Release|x86.ActiveCfg = Release|Any CPU
		{8165D0D5-8BB7-4556-84FB-444DD49F2F53}.Debug|Any CPU.ActiveCfg = Debug|Any CPU
		{8165D0D5-8BB7-4556-84FB-444DD49F2F53}.Debug|Any CPU.Build.0 = Debug|Any CPU
		{8165D0D5-8BB7-4556-84FB-444DD49F2F53}.Debug|Mixed Platforms.ActiveCfg = Debug|Any CPU
		{8165D0D5-8BB7-4556-84FB-444DD49F2F53}.Debug|x86.ActiveCfg = Debug|Any CPU
		{8165D0D5-8BB7-4556-84FB-444DD49F2F53}.Release|Any CPU.ActiveCfg = Release|Any CPU
		{8165D0D5-8BB7-4556-84FB-444DD49F2F53}.Release|Any CPU.Build.0 = Release|Any CPU
		{8165D0D5-8BB7-4556-84FB-444DD49F2F53}.Release|Mixed Platforms.ActiveCfg = Release|Any CPU
		{8165D0D5-8BB7-4556-84FB-444DD49F2F53}.Release|Mixed Platforms.Build.0 = Release|Any CPU
		{8165D0D5-8BB7-4556-84FB-444DD49F2F53}.Release|x86.ActiveCfg = Release|Any CPU
		{2697F3F4-5B3F-4AB2-9044-E8F48F80353C}.Debug|Any CPU.ActiveCfg = Debug|Any CPU
		{2697F3F4-5B3F-4AB2-9044-E8F48F80353C}.Debug|Any CPU.Build.0 = Debug|Any CPU
		{2697F3F4-5B3F-4AB2-9044-E8F48F80353C}.Debug|Mixed Platforms.ActiveCfg = Debug|Any CPU
		{2697F3F4-5B3F-4AB2-9044-E8F48F80353C}.Debug|x86.ActiveCfg = Debug|Any CPU
		{2697F3F4-5B3F-4AB2-9044-E8F48F80353C}.Release|Any CPU.ActiveCfg = Release|Any CPU
		{2697F3F4-5B3F-4AB2-9044-E8F48F80353C}.Release|Any CPU.Build.0 = Release|Any CPU
		{2697F3F4-5B3F-4AB2-9044-E8F48F80353C}.Release|Mixed Platforms.ActiveCfg = Release|Any CPU
		{2697F3F4-5B3F-4AB2-9044-E8F48F80353C}.Release|Mixed Platforms.Build.0 = Release|Any CPU
		{2697F3F4-5B3F-4AB2-9044-E8F48F80353C}.Release|x86.ActiveCfg = Release|Any CPU
		{E8167019-FDBF-4125-9A5B-165855C2C8AF}.Debug|Any CPU.ActiveCfg = Debug|Any CPU
		{E8167019-FDBF-4125-9A5B-165855C2C8AF}.Debug|Any CPU.Build.0 = Debug|Any CPU
		{E8167019-FDBF-4125-9A5B-165855C2C8AF}.Debug|Mixed Platforms.ActiveCfg = Debug|Any CPU
		{E8167019-FDBF-4125-9A5B-165855C2C8AF}.Debug|x86.ActiveCfg = Debug|Any CPU
		{E8167019-FDBF-4125-9A5B-165855C2C8AF}.Release|Any CPU.ActiveCfg = Release|Any CPU
		{E8167019-FDBF-4125-9A5B-165855C2C8AF}.Release|Any CPU.Build.0 = Release|Any CPU
		{E8167019-FDBF-4125-9A5B-165855C2C8AF}.Release|Mixed Platforms.ActiveCfg = Release|Any CPU
		{E8167019-FDBF-4125-9A5B-165855C2C8AF}.Release|Mixed Platforms.Build.0 = Release|Any CPU
		{E8167019-FDBF-4125-9A5B-165855C2C8AF}.Release|x86.ActiveCfg = Release|Any CPU
	EndGlobalSection
	GlobalSection(SolutionProperties) = preSolution
		HideSolutionNode = FALSE
	EndGlobalSection
	GlobalSection(NestedProjects) = preSolution
		{AB8154FC-7835-4150-BE32-B46250CA0CD5} = {37BAAE0F-550B-42DC-9256-1705593956DE}
		{87C4433A-63EB-4BAD-9432-EC732E53DD56} = {7ADB8984-9B0F-4E20-A950-8BC0C485EC3E}
		{ADBD6DB4-3409-4D41-B197-AE7DDC55DFDD} = {25CA382F-25DE-4D56-90D5-531A00736903}
		{A132C397-47FC-4877-968D-7431291FC4B4} = {25CA382F-25DE-4D56-90D5-531A00736903}
		{B6C909B7-4842-45BB-A0D8-1D66A2F7B33B} = {C3E77FEE-C53F-43CC-896E-3B2A759D6679}
		{67CBC824-A49E-4E9B-A947-360F3DFE65C3} = {40CD7EA6-28DC-44A0-83D3-C3D9D81E74A9}
		{CCA6F613-F8CD-4786-ABE1-B29CA21833EB} = {32FF1F69-F28B-4E8A-9273-489D09AC2DFF}
		{11D6AA12-959C-4E42-BB6E-A03FE8D61398} = {32FF1F69-F28B-4E8A-9273-489D09AC2DFF}
		{8165D0D5-8BB7-4556-84FB-444DD49F2F53} = {32FF1F69-F28B-4E8A-9273-489D09AC2DFF}
		{2697F3F4-5B3F-4AB2-9044-E8F48F80353C} = {32FF1F69-F28B-4E8A-9273-489D09AC2DFF}
		{E8167019-FDBF-4125-9A5B-165855C2C8AF} = {32FF1F69-F28B-4E8A-9273-489D09AC2DFF}
		{4AA39625-1529-435D-879F-BCC1A296CA1D} = {ADBD6DB4-3409-4D41-B197-AE7DDC55DFDD}
		{1BBFD4FF-4D44-416C-8D22-FC1A0EB34464} = {A132C397-47FC-4877-968D-7431291FC4B4}
	EndGlobalSection
EndGlobal
